
Microsoft Visual Studio Solution File, Format Version 12.00
# Visual Studio 15
VisualStudioVersion = 15.0.28010.2046
MinimumVisualStudioVersion = 10.0.40219.1
Project("{8BC9CEB8-8B4A-11D0-8D11-00A0C91BC942}") = "mem", "mem\mem.vcxproj", "{91F20E62-FC70-40A7-8A11-29ACF14CAE64}"
EndProject
Global
	GlobalSection(SolutionConfigurationPlatforms) = preSolution
		Debug|x64 = Debug|x64
		Debug|x86 = Debug|x86
		Release|x64 = Release|x64
		Release|x86 = Release|x86
	EndGlobalSection
	GlobalSection(ProjectConfigurationPlatforms) = postSolution
		{91F20E62-FC70-40A7-8A11-29ACF14CAE64}.Debug|x64.ActiveCfg = Debug|x64
		{91F20E62-FC70-40A7-8A11-29ACF14CAE64}.Debug|x64.Build.0 = Debug|x64
		{91F20E62-FC70-40A7-8A11-29ACF14CAE64}.Debug|x86.ActiveCfg = Debug|x64
		{91F20E62-FC70-40A7-8A11-29ACF14CAE64}.Debug|x86.Build.0 = Debug|x64
		{91F20E62-FC70-40A7-8A11-29ACF14CAE64}.Release|x64.ActiveCfg = Release|x64
		{91F20E62-FC70-40A7-8A11-29ACF14CAE64}.Release|x64.Build.0 = Release|x64
		{91F20E62-FC70-40A7-8A11-29ACF14CAE64}.Release|x86.ActiveCfg = Release|Win32
		{91F20E62-FC70-40A7-8A11-29ACF14CAE64}.Release|x86.Build.0 = Release|Win32
	EndGlobalSection
	GlobalSection(SolutionProperties) = preSolution
		HideSolutionNode = FALSE
	EndGlobalSection
	GlobalSection(ExtensibilityGlobals) = postSolution
		SolutionGuid = {77A7D5A7-0CAB-4519-B4D2-218A6EFD66B3}
	EndGlobalSection
EndGlobal
